Microsoft Visual Studio Solution File, Format Version 12.00
# Visual Studio 2012
Project("{FAE04EC0-301F-11D3-BF4B-00C04F79EFBC}") = "Game", "Game.csproj", "{EE9E86DC-1C08-46BA-934A-1546D085461B}"
EndProject
Global
	GlobalSection(SolutionConfigurationPlatforms) = preSolution
	Debug|Any CPU = Debug|Any CPU
	ExportDebug|Any CPU = ExportDebug|Any CPU
	ExportRelease|Any CPU = ExportRelease|Any CPU
	EndGlobalSection
	GlobalSection(ProjectConfigurationPlatforms) = postSolution
		{EE9E86DC-1C08-46BA-934A-1546D085461B}.Debug|Any CPU.ActiveCfg = Debug|Any CPU
		{EE9E86DC-1C08-46BA-934A-1546D085461B}.Debug|Any CPU.Build.0 = Debug|Any CPU
		{EE9E86DC-1C08-46BA-934A-1546D085461B}.ExportDebug|Any CPU.ActiveCfg = ExportDebug|Any CPU
		{EE9E86DC-1C08-46BA-934A-1546D085461B}.ExportDebug|Any CPU.Build.0 = ExportDebug|Any CPU
		{EE9E86DC-1C08-46BA-934A-1546D085461B}.ExportRelease|Any CPU.ActiveCfg = ExportRelease|Any CPU
		{EE9E86DC-1C08-46BA-934A-1546D085461B}.ExportRelease|Any CPU.Build.0 = ExportRelease|Any CPU
	EndGlobalSection
EndGlobal
